
Microsoft Visual Studio Solution File, Format Version 12.00
# Visual Studio Version 17
VisualStudioVersion = 17.5.002.0
MinimumVisualStudioVersion = 10.0.40219.1
Project("{9A19103F-16F7-4668-BE54-9A1E7A4F7556}") = "Task_1", "Task_1.csproj", "{B7223B19-B658-47C0-8DCB-FDFA963D9E85}"
EndProject
Global
	GlobalSection(SolutionConfigurationPlatforms) = preSolution
		Debug|Any CPU = Debug|Any CPU
		Release|Any CPU = Release|Any CPU
	EndGlobalSection
	GlobalSection(ProjectConfigurationPlatforms) = postSolution
		{B7223B19-B658-47C0-8DCB-FDFA963D9E85}.Debug|Any CPU.ActiveCfg = Debug|Any CPU
		{B7223B19-B658-47C0-8DCB-FDFA963D9E85}.Debug|Any CPU.Build.0 = Debug|Any CPU
		{B7223B19-B658-47C0-8DCB-FDFA963D9E85}.Release|Any CPU.ActiveCfg = Release|Any CPU
		{B7223B19-B658-47C0-8DCB-FDFA963D9E85}.Release|Any CPU.Build.0 = Release|Any CPU
	EndGlobalSection
	GlobalSection(SolutionProperties) = preSolution
		HideSolutionNode = FALSE
	EndGlobalSection
	GlobalSection(ExtensibilityGlobals) = postSolution
		SolutionGuid = {116E4B01-0283-45C9-9309-2414E56C632B}
	EndGlobalSection
EndGlobal
